# Command/build graph. x/mobile binding support is also listed in the runtime
# lock because gomobile links it; x/mod, x/sync, and x/tools remain build-only.
# Format: component@version|SPDX license|maintenance source
com.android.tools.build:gradle@9.3.1|Apache-2.0|https://android.googlesource.com/platform/tools/base
gradle@9.7.0|Apache-2.0|https://github.com/gradle/gradle
golang.org/x/mobile@v0.0.0-20260816165457-f98cc9b3c733|BSD-3-Clause|https://go.googlesource.com/mobile
golang.org/x/mod@v0.39.0|BSD-3-Clause|https://go.googlesource.com/mod
golang.org/x/sync@v0.22.0|BSD-3-Clause|https://go.googlesource.com/sync
golang.org/x/tools@v0.49.0|BSD-3-Clause|https://go.googlesource.com/tools
